# Generated by Protostar. Records the project changes Protostar last accepted.
# Commit this file with pyproject.toml; status, diff, and sync require it.
# Keep it while using Protostar. If lost, restore it from version control.
# You can delete it when you no longer use Protostar for this project.

schema_version = 1
producer_version = "0.10.1"

[template]
origin = "remote"
locator = "https://github.com/JacksonFergusonDev/protostar-example-templates"
digest = "03513c45d8cb900958d5b487d4bfbe24ab5114a5c5a28cd2f4294905d914a965"
version = "1.1.0"
path = "service"
ref = "v1.1.0"
revision = "fdf06da8f5f1f041a3afc527e4885804b2de1af0"

[[files]]
path = ".env.example"
policy = "seed-only"
digest = "4fc6f972e7be198e3853f8486ea4a9152cb068b7c2d6e96c1826300bd285fa25"

[[files]]
path = ".github/workflows/ci.yml"
policy = "structured-yaml"
baseline = "jobs:\n  lint:\n    name: Lint & Type Check\n    runs-on: ubuntu-latest\n    steps:\n      - name: Checkout\n        uses: actions/checkout@v7\n      - name: Install uv\n        uses: astral-sh/setup-uv@v10.0.0\n        with:\n          enable-cache: true\n          python-version: '3.13'\n      - name: Install dependencies\n        run: uv sync --all-extras --dev --locked\n      - name: Run Ruff Linter\n        run: uv run ruff check --output-format=github .\n      - name: Run Ruff Formatter\n        run: uv run ruff format --check --output-format=github .\n      - name: Run Mypy\n        run: uv run mypy .\n      - name: Run actionlint\n        run: uv run actionlint\n  test:\n    name: Test on ${{ matrix.os }} with Python ${{ matrix.python-version }}\n    runs-on: ${{ matrix.os }}\n    steps:\n      - name: Checkout\n        uses: actions/checkout@v7\n      - name: Install uv\n        uses: astral-sh/setup-uv@v10.0.0\n        with:\n          enable-cache: true\n          python-version: ${{ matrix.python-version }}\n      - name: Install dependencies\n        run: \"uv sync --all-extras --dev --locked\\nuv pip install pytest-github-actions-annotate-failures\\n\"\n      - name: Run tests\n        run: uv run pytest\n    strategy:\n      matrix:\n        os:\n          - macos-latest\n          - ubuntu-latest\n          - windows-latest\n        python-version:\n          - '3.13'\n          - '3.14'\nname: CI\non:\n  pull_request:\n    branches:\n      - main\n  push:\n    branches:\n      - main\n"

[[files]]
path = ".pre-commit-config.yaml"
policy = "structured-yaml"
baseline = "default_install_hook_types:\n  - pre-commit\n  - pre-push\ndefault_stages:\n  - pre-commit\nrepos:\n  - hooks:\n      - exclude: ^uv\\.lock$\n        id: check-added-large-files\n      - id: check-merge-conflict\n      - id: check-case-conflict\n      - id: check-symlinks\n      - id: check-executables-have-shebangs\n      - exclude: \\.py$\n        id: trailing-whitespace\n      - exclude: \\.py$\n        id: end-of-file-fixer\n      - id: check-yaml\n      - id: check-json\n      - id: check-toml\n    repo: builtin\n  - hooks:\n      - entry: uv lock --check\n        files: ^(pyproject\\.toml|uv\\.lock)$\n        id: uv-lock-check\n        language: system\n        name: uv lock check\n        pass_filenames: false\n      - entry: uv run ruff check --fix\n        id: ruff-check\n        language: system\n        name: ruff check\n        require_serial: true\n        types:\n          - python\n      - entry: uv run ruff format\n        id: ruff-format\n        language: system\n        name: ruff format\n        require_serial: true\n        types:\n          - python\n      - entry: uv run mypy .\n        id: mypy\n        language: system\n        name: mypy\n        pass_filenames: false\n        types:\n          - python\n      - entry: uv run pytest\n        files: ^(src/|tests/|pyproject\\.toml|uv\\.lock)\n        id: pytest\n        language: system\n        name: pytest\n        pass_filenames: false\n        stages:\n          - pre-push\n      - entry: uv run actionlint\n        files: ^\\.github/workflows/.*\\.ya?ml$\n        id: actionlint\n        language: system\n        name: actionlint\n    repo: local\n  - hooks:\n      - id: gitleaks\n    repo: https://github.com/gitleaks/gitleaks\n    rev: v8.30.1\n"

[[files]]
path = "README.md"
policy = "seed-only"
digest = "ef93f66904400bc350488a851038de3ed2e45dd7aaf836b45ba5b58d6bfc6d67"

[[files]]
path = "justfile"
policy = "text"
baseline = "set shell := [\"bash\", \"-euc\", \"-o\", \"pipefail\"]\nset unstable\nset quiet\n\n# --- ANSI Colors ---\n\nblue := '\\033[1;34m'\ngreen := '\\033[1;32m'\nnc := '\\033[0m'\n\n# Show available commands\ndefault:\n    @just --list\n\n# Sync/install dependencies using uv\nsync:\n    uv sync --quiet\n\n# Auto-format code\nformat: sync\n    @printf \"\\n{{ blue }}=== Formatting Code ==={{ nc }}\\n\"\n    uv run ruff check --fix .\n    uv run ruff format .\n    @printf \"{{ green }}✔ Formatting complete{{ nc }}\\n\"\n\n# Run linters\nlint: sync\n    @printf \"\\n{{ blue }}=== Running Linters ==={{ nc }}\\n\"\n    uv run ruff check .\n    uv run ruff format --check .\n    uv run actionlint\n    @printf \"{{ green }}✔ Linting passed{{ nc }}\\n\"\n\n# Run static type checking\ntypecheck: sync\n    @printf \"\\n{{ blue }}=== Running Type Checks ==={{ nc }}\\n\"\n    uv run mypy .\n    @printf \"{{ green }}✔ Type checking passed{{ nc }}\\n\"\n\n# Run the full automated testing matrix\ntest: sync\n    @printf \"\\n{{ blue }}=== Running Tests ==={{ nc }}\\n\"\n    uv run pytest\n    @printf \"{{ green }}✔ All tests passed{{ nc }}\\n\"\n\n# Run tests with coverage\ntest-cov: sync\n    @printf \"\\n{{ blue }}=== Running Tests with Coverage ==={{ nc }}\\n\"\n    uv run pytest --cov\n    @printf \"{{ green }}✔ Coverage run complete{{ nc }}\\n\"\n\n# Run the fast local CI pipeline executed before pushing\nci: lint typecheck test\n    @printf \"\\n{{ green }}✔ Local CI pipeline completed successfully. Clear to push!{{ nc }}\\n\"\n\n# Remove caches, artifacts, and temp files\nclean:\n    @printf \"\\n{{ blue }}=== Cleaning Workspace ==={{ nc }}\\n\"\n    rm -rf \\\n        .ruff_cache \\\n        .mypy_cache \\\n        .pytest_cache \\\n        htmlcov \\\n        .coverage \\\n        coverage.xml\n    find . -type d -name \"__pycache__\" -exec rm -rf {} +\n    @printf \"{{ green }}✔ Workspace cleaned{{ nc }}\\n\"\n"

[[files]]
path = "pyproject.toml"
policy = "structured-toml"
baseline = "[build-system]\nbuild-backend = \"hatchling.build\"\nrequires = [\"hatchling\"]\n\n[project]\nclassifiers = [\"Programming Language :: Python :: 3\", \"Programming Language :: Python :: 3.13\", \"Programming Language :: Python :: 3.14\", \"Operating System :: MacOS\", \"Operating System :: POSIX :: Linux\", \"Operating System :: Microsoft :: Windows\"]\ndescription = \"Add your description here.\"\nreadme = \"README.md\"\n[[project.authors]]\nemail = \"your-email@example.com\"\nname = \"your-name\"\n\n[project.scripts]\norbit-api = \"orbit_api.app:main\"\n\n[tool.coverage.report]\nshow_missing = true\n\n[tool.coverage.run]\nbranch = true\n\n[tool.hatch.build.targets.wheel]\npackages = [\"src/orbit_api\"]\n\n[tool.mypy]\ncheck_untyped_defs = true\nexplicit_package_bases = true\nmypy_path = \"src\"\npretty = true\npython_version = \"3.13\"\nshow_error_codes = true\nshow_error_context = true\nstrict = true\nwarn_return_any = true\nwarn_unused_configs = true\n\n[tool.pytest.ini_options]\naddopts = \"--strict-markers\"\npythonpath = [\".\"]\ntestpaths = [\"tests\"]\n\n[tool.ruff]\nline-length = 88\n\n[tool.ruff.lint]\nextend-select = [\"SIM\"]\nignore = [\"E501\"]\nselect = [\"A\", \"B\", \"C4\", \"E\", \"F\", \"I\", \"RUF\", \"UP\"]\n"

[[files]]
path = "src/orbit_api/__init__.py"
policy = "seed-only"
digest = "839a1a556573308d81fb8955004dc98d3ac6aa34f0979845a318d10e74e79933"

[[files]]
path = "src/orbit_api/app.py"
policy = "seed-only"
digest = "d44649c273c4f686229b760c4836651c30fcf930ab6274f8d8fe9dcd20b7164e"

[[files]]
path = "src/orbit_api/db.py"
policy = "seed-only"
digest = "fc1a19e02d4c0d38f675eaa106c42efbfb462958ab194cc21acf3e8379be3206"

[[files]]
path = "src/orbit_api/settings.py"
policy = "seed-only"
digest = "b2eb8cea45ee41b633d10dba32be617c7c281e9fe2be31a7451a24aff522105b"

[[files]]
path = "tests/test_app.py"
policy = "seed-only"
digest = "2b5e77aea8ece9f01b23a80cd03499ed431ab8026263f1224078a4291e43e585"

[[dependencies]]
path = "pyproject.toml"
group = "dev"
name = "actionlint-py"
marker = ""
declared = "actionlint-py"
materialized = "actionlint-py>=1.7.12.25"

[[dependencies]]
path = "pyproject.toml"
group = "dev"
name = "httpx2"
marker = ""
declared = "httpx2"
materialized = "httpx2>=2.13.1"

[[dependencies]]
path = "pyproject.toml"
group = "dev"
name = "mypy"
marker = ""
declared = "mypy"
materialized = "mypy>=2.3.1"

[[dependencies]]
path = "pyproject.toml"
group = "dev"
name = "prek"
marker = ""
declared = "prek"
materialized = "prek>=0.5.4"

[[dependencies]]
path = "pyproject.toml"
group = "dev"
name = "pytest"
marker = ""
declared = "pytest"
materialized = "pytest>=9.1.1"

[[dependencies]]
path = "pyproject.toml"
group = "dev"
name = "pytest-cov"
marker = ""
declared = "pytest-cov"
materialized = "pytest-cov>=7.1.0"

[[dependencies]]
path = "pyproject.toml"
group = "dev"
name = "pytest-mock"
marker = ""
declared = "pytest-mock"
materialized = "pytest-mock>=3.16.0"

[[dependencies]]
path = "pyproject.toml"
group = "dev"
name = "ruff"
marker = ""
declared = "ruff"
materialized = "ruff>=0.16.9"

[[dependencies]]
path = "pyproject.toml"
group = "main"
name = "fastapi"
marker = ""
declared = "fastapi"
materialized = "fastapi>=0.142.2"

[[dependencies]]
path = "pyproject.toml"
group = "main"
name = "psycopg"
marker = ""
declared = "psycopg[binary]"
materialized = "psycopg[binary]>=3.3.6"

[[dependencies]]
path = "pyproject.toml"
group = "main"
name = "pydantic-settings"
marker = ""
declared = "pydantic-settings"
materialized = "pydantic-settings>=2.15.0"

[[dependencies]]
path = "pyproject.toml"
group = "main"
name = "sqlalchemy"
marker = ""
declared = "sqlalchemy"
materialized = "sqlalchemy>=2.1.1"

[[dependencies]]
path = "pyproject.toml"
group = "main"
name = "uvicorn"
marker = ""
declared = "uvicorn"
materialized = "uvicorn>=0.54.0"

[[hook_pins]]
path = ".pre-commit-config.yaml"
repo = "https://github.com/gitleaks/gitleaks"
revision = "v8.30.1"
provenance = "registry"
